Microsoft Visual Studio Solution File, Format Version 12.00
# Visual Studio Version 17
VisualStudioVersion = 17.0.31903.59
MinimumVisualStudioVersion = 10.0.40219.1
Project("{2150E333-8FDC-42A3-9474-1A3956D46DE8}") = "src", "src", "{E3B8B5A8-1A7C-4F5B-9A5E-1F1F8B7A5B1A}"
EndProject
Project("{2150E333-8FDC-42A3-9474-1A3956D46DE8}") = "Contexts", "Contexts", "{B8C5F3D8-1A7C-4F5B-9A5E-1F1F8B7A5B1C}"
EndProject
Project("{FAE04EC0-301F-11D3-BF4B-00C04F79EFBC}") = "Edory.Api", "src\Edory.Api\Edory.Api.csproj", "{B5A13F77-E85E-4C29-AAAE-7F17C33D15BF}"
EndProject
Project("{FAE04EC0-301F-11D3-BF4B-00C04F79EFBC}") = "Edory.SharedKernel", "src\Edory.SharedKernel\Edory.SharedKernel.csproj", "{E9DD3D6F-B99C-4339-9CB3-5D8EFDC08A78}"
EndProject
Project("{FAE04EC0-301F-11D3-BF4B-00C04F79EFBC}") = "Edory.Character.Domain", "src\Contexts\Character\Edory.Character.Domain\Edory.Character.Domain.csproj", "{47B43E9A-DCC7-4D0D-9269-5825FBE01DE9}"
EndProject
Project("{FAE04EC0-301F-11D3-BF4B-00C04F79EFBC}") = "Edory.Memory.Domain", "src\Contexts\Memory\Edory.Memory.Domain\Edory.Memory.Domain.csproj", "{BB95172C-46C5-4BB8-B324-AA6DCD96B71E}"
EndProject
Project("{FAE04EC0-301F-11D3-BF4B-00C04F79EFBC}") = "Edory.Story.Domain", "src\Contexts\Story\Edory.Story.Domain\Edory.Story.Domain.csproj", "{2CC02C45-5FCA-427D-B5BD-8FD963B824D1}"
EndProject
Project("{FAE04EC0-301F-11D3-BF4B-00C04F79EFBC}") = "Edory.Learning.Domain", "src\Contexts\Learning\Edory.Learning.Domain\Edory.Learning.Domain.csproj", "{EB825735-FD2B-4000-8DDD-555F039B1424}"
EndProject
Global
	GlobalSection(SolutionConfigurationPlatforms) = preSolution
		Debug|Any CPU = Debug|Any CPU
		Release|Any CPU = Release|Any CPU
	EndGlobalSection
	GlobalSection(ProjectConfigurationPlatforms) = postSolution
		{B5A13F77-E85E-4C29-AAAE-7F17C33D15BF}.Debug|Any CPU.ActiveCfg = Debug|Any CPU
		{B5A13F77-E85E-4C29-AAAE-7F17C33D15BF}.Debug|Any CPU.Build.0 = Debug|Any CPU
		{B5A13F77-E85E-4C29-AAAE-7F17C33D15BF}.Release|Any CPU.ActiveCfg = Release|Any CPU
		{B5A13F77-E85E-4C29-AAAE-7F17C33D15BF}.Release|Any CPU.Build.0 = Release|Any CPU
		{E9DD3D6F-B99C-4339-9CB3-5D8EFDC08A78}.Debug|Any CPU.ActiveCfg = Debug|Any CPU
		{E9DD3D6F-B99C-4339-9CB3-5D8EFDC08A78}.Debug|Any CPU.Build.0 = Debug|Any CPU
		{E9DD3D6F-B99C-4339-9CB3-5D8EFDC08A78}.Release|Any CPU.ActiveCfg = Release|Any CPU
		{E9DD3D6F-B99C-4339-9CB3-5D8EFDC08A78}.Release|Any CPU.Build.0 = Release|Any CPU
		{47B43E9A-DCC7-4D0D-9269-5825FBE01DE9}.Debug|Any CPU.ActiveCfg = Debug|Any CPU
		{47B43E9A-DCC7-4D0D-9269-5825FBE01DE9}.Debug|Any CPU.Build.0 = Debug|Any CPU
		{47B43E9A-DCC7-4D0D-9269-5825FBE01DE9}.Release|Any CPU.ActiveCfg = Release|Any CPU
		{47B43E9A-DCC7-4D0D-9269-5825FBE01DE9}.Release|Any CPU.Build.0 = Release|Any CPU
		{BB95172C-46C5-4BB8-B324-AA6DCD96B71E}.Debug|Any CPU.ActiveCfg = Debug|Any CPU
		{BB95172C-46C5-4BB8-B324-AA6DCD96B71E}.Debug|Any CPU.Build.0 = Debug|Any CPU
		{BB95172C-46C5-4BB8-B324-AA6DCD96B71E}.Release|Any CPU.ActiveCfg = Release|Any CPU
		{BB95172C-46C5-4BB8-B324-AA6DCD96B71E}.Release|Any CPU.Build.0 = Release|Any CPU
		{2CC02C45-5FCA-427D-B5BD-8FD963B824D1}.Debug|Any CPU.ActiveCfg = Debug|Any CPU
		{2CC02C45-5FCA-427D-B5BD-8FD963B824D1}.Debug|Any CPU.Build.0 = Debug|Any CPU
		{2CC02C45-5FCA-427D-B5BD-8FD963B824D1}.Release|Any CPU.ActiveCfg = Release|Any CPU
		{2CC02C45-5FCA-427D-B5BD-8FD963B824D1}.Release|Any CPU.Build.0 = Release|Any CPU
		{EB825735-FD2B-4000-8DDD-555F039B1424}.Debug|Any CPU.ActiveCfg = Debug|Any CPU
		{EB825735-FD2B-4000-8DDD-555F039B1424}.Debug|Any CPU.Build.0 = Debug|Any CPU
		{EB825735-FD2B-4000-8DDD-555F039B1424}.Release|Any CPU.ActiveCfg = Release|Any CPU
		{EB825735-FD2B-4000-8DDD-555F039B1424}.Release|Any CPU.Build.0 = Release|Any CPU
	EndGlobalSection
	GlobalSection(SolutionProperties) = preSolution
		HideSolutionNode = FALSE
	EndGlobalSection
	GlobalSection(NestedProjects) = preSolution
		{B8C5F3D8-1A7C-4F5B-9A5E-1F1F8B7A5B1C} = {E3B8B5A8-1A7C-4F5B-9A5E-1F1F8B7A5B1A}
	EndGlobalSection
EndGlobal
